
Microsoft Visual Studio Solution File, Format Version 12.00
# Visual Studio Version 17
VisualStudioVersion = 17.1.32328.378
MinimumVisualStudioVersion = 10.0.40219.1
Project("{FAE04EC0-301F-11D3-BF4B-00C04F79EFBC}") = "BmiPlugin", "BmiPlugin\BmiPlugin.csproj", "{BED0DBFA-FDC8-4CCF-B31D-CD209B653E9B}"
EndProject
Global
	GlobalSection(SolutionConfigurationPlatforms) = preSolution
		Debug|Any CPU = Debug|Any CPU
		Release|Any CPU = Release|Any CPU
	EndGlobalSection
	GlobalSection(ProjectConfigurationPlatforms) = postSolution
		{BED0DBFA-FDC8-4CCF-B31D-CD209B653E9B}.Debug|Any CPU.ActiveCfg = Debug|Any CPU
		{BED0DBFA-FDC8-4CCF-B31D-CD209B653E9B}.Debug|Any CPU.Build.0 = Debug|Any CPU
		{BED0DBFA-FDC8-4CCF-B31D-CD209B653E9B}.Release|Any CPU.ActiveCfg = Release|Any CPU
		{BED0DBFA-FDC8-4CCF-B31D-CD209B653E9B}.Release|Any CPU.Build.0 = Release|Any CPU
	EndGlobalSection
	GlobalSection(SolutionProperties) = preSolution
		HideSolutionNode = FALSE
	EndGlobalSection
	GlobalSection(ExtensibilityGlobals) = postSolution
		SolutionGuid = {89677862-E067-4AA1-9E4D-FC2BB9FD3ABD}
	EndGlobalSection
EndGlobal
